
Microsoft Visual Studio Solution File, Format Version 12.00
# Visual Studio Version 17
VisualStudioVersion = 17.8.34309.116
MinimumVisualStudioVersion = 10.0.40219.1
Project("{FAE04EC0-301F-11D3-BF4B-00C04F79EFBC}") = "Responsi", "Responsi.csproj", "{C4CB8C2A-EFE6-4165-85F0-8A85C2550D90}"
EndProject
Global
	GlobalSection(SolutionConfigurationPlatforms) = preSolution
		Debug|Any CPU = Debug|Any CPU
		Release|Any CPU = Release|Any CPU
	EndGlobalSection
	GlobalSection(ProjectConfigurationPlatforms) = postSolution
		{C4CB8C2A-EFE6-4165-85F0-8A85C2550D90}.Debug|Any CPU.ActiveCfg = Debug|Any CPU
		{C4CB8C2A-EFE6-4165-85F0-8A85C2550D90}.Debug|Any CPU.Build.0 = Debug|Any CPU
		{C4CB8C2A-EFE6-4165-85F0-8A85C2550D90}.Release|Any CPU.ActiveCfg = Release|Any CPU
		{C4CB8C2A-EFE6-4165-85F0-8A85C2550D90}.Release|Any CPU.Build.0 = Release|Any CPU
	EndGlobalSection
	GlobalSection(SolutionProperties) = preSolution
		HideSolutionNode = FALSE
	EndGlobalSection
	GlobalSection(ExtensibilityGlobals) = postSolution
		SolutionGuid = {852350A8-D703-4384-BE8C-EDB4F7343239}
	EndGlobalSection
EndGlobal
